
Microsoft Visual Studio Solution File, Format Version 12.00
# Visual Studio 14
VisualStudioVersion = 14.0.25420.1
MinimumVisualStudioVersion = 10.0.40219.1
Project("{FAE04EC0-301F-11D3-BF4B-00C04F79EFBC}") = "SerialPortComLib", "SerialPortComLib\SerialPortComLib.csproj", "{CFE8BB37-91FD-42E2-B2F1-72F2A14F42B0}"
EndProject
Project("{FAE04EC0-301F-11D3-BF4B-00C04F79EFBC}") = "LockingCodeUI", "LockingCodeUI\LockingCodeUI.csproj", "{F6A2C4FE-4436-4795-8839-5CF8CFB2CDFC}"
EndProject
Global
	GlobalSection(SolutionConfigurationPlatforms) = preSolution
		Debug|Any CPU = Debug|Any CPU
		Release|Any CPU = Release|Any CPU
	EndGlobalSection
	GlobalSection(ProjectConfigurationPlatforms) = postSolution
		{CFE8BB37-91FD-42E2-B2F1-72F2A14F42B0}.Debug|Any CPU.ActiveCfg = Debug|Any CPU
		{CFE8BB37-91FD-42E2-B2F1-72F2A14F42B0}.Debug|Any CPU.Build.0 = Debug|Any CPU
		{CFE8BB37-91FD-42E2-B2F1-72F2A14F42B0}.Release|Any CPU.ActiveCfg = Release|Any CPU
		{CFE8BB37-91FD-42E2-B2F1-72F2A14F42B0}.Release|Any CPU.Build.0 = Release|Any CPU
		{F6A2C4FE-4436-4795-8839-5CF8CFB2CDFC}.Debug|Any CPU.ActiveCfg = Debug|Any CPU
		{F6A2C4FE-4436-4795-8839-5CF8CFB2CDFC}.Debug|Any CPU.Build.0 = Debug|Any CPU
		{F6A2C4FE-4436-4795-8839-5CF8CFB2CDFC}.Release|Any CPU.ActiveCfg = Release|Any CPU
		{F6A2C4FE-4436-4795-8839-5CF8CFB2CDFC}.Release|Any CPU.Build.0 = Release|Any CPU
	EndGlobalSection
	GlobalSection(SolutionProperties) = preSolution
		HideSolutionNode = FALSE
	EndGlobalSection
EndGlobal
